// !$*UTF8*$!
{
	archiveVersion = 1;
	classes = {
	};
	objectVersion = 48;
	objects = {

/* Begin PBXBuildFile section */
		2FDA578A204A2E7A00016C7C /* AppDelegate.swift in Sources */ = {isa = PBXBuildFile; fileRef = 2FDA5789204A2E7A00016C7C /* AppDelegate.swift */; };
		2FDA578C204A2E7A00016C7C /* ViewController.swift in Sources */ = {isa = PBXBuildFile; fileRef = 2FDA578B204A2E7A00016C7C /* ViewController.swift */; };
		2FDA578F204A2E7A00016C7C /* Main.storyboard in Resources */ = {isa = PBXBuildFile; fileRef = 2FDA578D204A2E7A00016C7C /* Main.storyboard */; };
		2FDA5791204A2E7A00016C7C /* Assets.xcassets in Resources */ = {isa = PBXBuildFile; fileRef = 2FDA5790204A2E7A00016C7C /* Assets.xcassets */; };
		2FDA5794204A2E7A00016C7C /* LaunchScreen.storyboard in Resources */ = {isa = PBXBuildFile; fileRef = 2FDA5792204A2E7A00016C7C /* LaunchScreen.storyboard */; };
		2FDA579C204A52C200016C7C /* ExpandableNames.swift in Sources */ = {isa = PBXBuildFile; fileRef = 2FDA579B204A52C200016C7C /* ExpandableNames.swift */; };
		2FDA579E204A580600016C7C /* ContactCell.swift in Sources */ = {isa = PBXBuildFile; fileRef = 2FDA579D204A580600016C7C /* ContactCell.swift */; };
		2FDA57A2204B1F3D00016C7C /* FormTableViewController.swift in Sources */ = {isa = PBXBuildFile; fileRef = 2FDA57A1204B1F3D00016C7C /* FormTableViewController.swift */; };
/* End PBXBuildFile section */

/* Begin PBXFileReference section */
		2FDA5786204A2E7A00016C7C /* contacts.app */ = {isa = PBXFileReference; explicitFileType = wrapper.application; includeInIndex = 0; path = contacts.app; sourceTree = BUILT_PRODUCTS_DIR; };
		2FDA5789204A2E7A00016C7C /* AppDelegate.swift */ = {isa = PBXFileReference; lastKnownFileType = sourcecode.swift; path = AppDelegate.swift; sourceTree = "<group>"; };
		2FDA578B204A2E7A00016C7C /* ViewController.swift */ = {isa = PBXFileReference; lastKnownFileType = sourcecode.swift; path = ViewController.swift; sourceTree = "<group>"; };
		2FDA578E204A2E7A00016C7C /* Base */ = {isa = PBXFileReference; lastKnownFileType = file.storyboard; name = Base; path = Base.lproj/Main.storyboard; sourceTree = "<group>"; };
		2FDA5790204A2E7A00016C7C /* Assets.xcassets */ = {isa = PBXFileReference; lastKnownFileType = folder.assetcatalog; path = Assets.xcassets; sourceTree = "<group>"; };
		2FDA5793204A2E7A00016C7C /* Base */ = {isa = PBXFileReference; lastKnownFileType = file.storyboard; name = Base; path = Base.lproj/LaunchScreen.storyboard; sourceTree = "<group>"; };
		2FDA5795204A2E7A00016C7C /* Info.plist */ = {isa = PBXFileReference; lastKnownFileType = text.plist.xml; path = Info.plist; sourceTree = "<group>"; };
		2FDA579B204A52C200016C7C /* ExpandableNames.swift */ = {isa = PBXFileReference; lastKnownFileType = sourcecode.swift; path = ExpandableNames.swift; sourceTree = "<group>"; };
		2FDA579D204A580600016C7C /* ContactCell.swift */ = {isa = PBXFileReference; lastKnownFileType = sourcecode.swift; path = ContactCell.swift; sourceTree = "<group>"; };
		2FDA57A1204B1F3D00016C7C /* FormTableViewController.swift */ = {isa = PBXFileReference; lastKnownFileType = sourcecode.swift; path = FormTableViewController.swift; sourceTree = "<group>"; };
/* End PBXFileReference section */

/* Begin PBXFrameworksBuildPhase section */
		2FDA5783204A2E7A00016C7C /* Frameworks */ = {
			isa = PBXFrameworksBuildPhase;
			buildActionMask = 2147483647;
			files = (
			);
			runOnlyForDeploymentPostprocessing = 0;
		};
/* End PBXFrameworksBuildPhase section */

/* Begin PBXGroup section */
		2FDA577D204A2E7900016C7C = {
			isa = PBXGroup;
			children = (
				2FDA5788204A2E7A00016C7C /* contacts */,
				2FDA5787204A2E7A00016C7C /* Products */,
			);
			sourceTree = "<group>";
		};
		2FDA5787204A2E7A00016C7C /* Products */ = {
			isa = PBXGroup;
			children = (
				2FDA5786204A2E7A00016C7C /* contacts.app */,
			);
			name = Products;
			sourceTree = "<group>";
		};
		2FDA5788204A2E7A00016C7C /* contacts */ = {
			isa = PBXGroup;
			children = (
				2FDA5789204A2E7A00016C7C /* AppDelegate.swift */,
				2FDA578B204A2E7A00016C7C /* ViewController.swift */,
				2FDA578D204A2E7A00016C7C /* Main.storyboard */,
				2FDA5790204A2E7A00016C7C /* Assets.xcassets */,
				2FDA5792204A2E7A00016C7C /* LaunchScreen.storyboard */,
				2FDA5795204A2E7A00016C7C /* Info.plist */,
				2FDA579B204A52C200016C7C /* ExpandableNames.swift */,
				2FDA579D204A580600016C7C /* ContactCell.swift */,
				2FDA57A1204B1F3D00016C7C /* FormTableViewController.swift */,
			);
			path = contacts;
			sourceTree = "<group>";
		};
/* End PBXGroup section */

/* Begin PBXNativeTarget section */
		2FDA5785204A2E7A00016C7C /* contacts */ = {
			isa = PBXNativeTarget;
			buildConfigurationList = 2FDA5798204A2E7A00016C7C /* Build configuration list for PBXNativeTarget "contacts" */;
			buildPhases = (
				2FDA5782204A2E7A00016C7C /* Sources */,
				2FDA5783204A2E7A00016C7C /* Frameworks */,
				2FDA5784204A2E7A00016C7C /* Resources */,
			);
			buildRules = (
			);
			dependencies = (
			);
			name = contacts;
			productName = contacts;
			productReference = 2FDA5786204A2E7A00016C7C /* contacts.app */;
			productType = "com.apple.product-type.application";
		};
/* End PBXNativeTarget section */

/* Begin PBXProject section */
		2FDA577E204A2E7900016C7C /* Project object */ = {
			isa = PBXProject;
			attributes = {
				LastSwiftUpdateCheck = 0920;
				LastUpgradeCheck = 0920;
				ORGANIZATIONNAME = "Yang Ricardo ";
				TargetAttributes = {
					2FDA5785204A2E7A00016C7C = {
						CreatedOnToolsVersion = 9.2;
						ProvisioningStyle = Automatic;
					};
				};
			};
			buildConfigurationList = 2FDA5781204A2E7900016C7C /* Build configuration list for PBXProject "contacts" */;
			compatibilityVersion = "Xcode 8.0";
			developmentRegion = en;
			hasScannedForEncodings = 0;
			knownRegions = (
				en,
				Base,
			);
			mainGroup = 2FDA577D204A2E7900016C7C;
			productRefGroup = 2FDA5787204A2E7A00016C7C /* Products */;
			projectDirPath = "";
			projectRoot = "";
			targets = (
				2FDA5785204A2E7A00016C7C /* contacts */,
			);
		};
/* End PBXProject section */

/* Begin PBXResourcesBuildPhase section */
		2FDA5784204A2E7A00016C7C /* Resources */ = {
			isa = PBXResourcesBuildPhase;
			buildActionMask = 2147483647;
			files = (
				2FDA5794204A2E7A00016C7C /* LaunchScreen.storyboard in Resources */,
				2FDA5791204A2E7A00016C7C /* Assets.xcassets in Resources */,
				2FDA578F204A2E7A00016C7C /* Main.storyboard in Resources */,
			);
			runOnlyForDeploymentPostprocessing = 0;
		};
/* End PBXResourcesBuildPhase section */

/* Begin PBXSourcesBuildPhase section */
		2FDA5782204A2E7A00016C7C /* Sources */ = {
			isa = PBXSourcesBuildPhase;
			buildActionMask = 2147483647;
			files = (
				2FDA579E204A580600016C7C /* ContactCell.swift in Sources */,
				2FDA57A2204B1F3D00016C7C /* FormTableViewController.swift in Sources */,
				2FDA579C204A52C200016C7C /* ExpandableNames.swift in Sources */,
				2FDA578C204A2E7A00016C7C /* ViewController.swift in Sources */,
				2FDA578A204A2E7A00016C7C /* AppDelegate.swift in Sources */,
			);
			runOnlyForDeploymentPostprocessing = 0;
		};
/* End PBXSourcesBuildPhase section */

/* Begin PBXVariantGroup section */
		2FDA578D204A2E7A00016C7C /* Main.storyboard */ = {
			isa = PBXVariantGroup;
			children = (
				2FDA578E204A2E7A00016C7C /* Base */,
			);
			name = Main.storyboard;
			sourceTree = "<group>";
		};
		2FDA5792204A2E7A00016C7C /* LaunchScreen.storyboard */ = {
			isa = PBXVariantGroup;
			children = (
				2FDA5793204A2E7A00016C7C /* Base */,
			);
			name = LaunchScreen.storyboard;
			sourceTree = "<group>";
		};
/* End PBXVariantGroup section */

/* Begin XCBuildConfiguration section */
		2FDA5796204A2E7A00016C7C /* Debug */ = {
			isa = XCBuildConfiguration;
			buildSettings = {
				ALWAYS_SEARCH_USER_PATHS = NO;
				CLANG_ANALYZER_NONNULL = YES;
				CLANG_ANALYZER_NUMBER_OBJECT_CONVERSION = YES_AGGRESSIVE;
				CLANG_CXX_LANGUAGE_STANDARD = "gnu++14";
				CLANG_CXX_LIBRARY = "libc++";
				CLANG_ENABLE_MODULES = YES;
				CLANG_ENABLE_OBJC_ARC = YES;
				CLANG_WARN_BLOCK_CAPTURE_AUTORELEASING = YES;
				CLANG_WARN_BOOL_CONVERSION = YES;
				CLANG_WARN_COMMA = YES;
				CLANG_WARN_CONSTANT_CONVERSION = YES;
				CLANG_WARN_DIRECT_OBJC_ISA_USAGE = YES_ERROR;
				CLANG_WARN_DOCUMENTATION_COMMENTS = YES;
				CLANG_WARN_EMPTY_BODY = YES;
				CLANG_WARN_ENUM_CONVERSION = YES;
				CLANG_WARN_INFINITE_RECURSION = YES;
				CLANG_WARN_INT_CONVERSION = YES;
				CLANG_WARN_NON_LITERAL_NULL_CONVERSION = YES;
				CLANG_WARN_OBJC_LITERAL_CONVERSION = YES;
				CLANG_WARN_OBJC_ROOT_CLASS = YES_ERROR;
				CLANG_WARN_RANGE_LOOP_ANALYSIS = YES;
				CLANG_WARN_STRICT_PROTOTYPES = YES;
				CLANG_WARN_SUSPICIOUS_MOVE = YES;
				CLANG_WARN_UNGUARDED_AVAILABILITY = YES_AGGRESSIVE;
				CLANG_WARN_UNREACHABLE_CODE = YES;
				CLANG_WARN__DUPLICATE_METHOD_MATCH = YES;
				CODE_SIGN_IDENTITY = "iPhone Developer";
				COPY_PHASE_STRIP = NO;
				DEBUG_INFORMATION_FORMAT = dwarf;
				ENABLE_STRICT_OBJC_MSGSEND = YES;
				ENABLE_TESTABILITY = YES;
				GCC_C_LANGUAGE_STANDARD = gnu11;
				GCC_DYNAMIC_NO_PIC = NO;
				GCC_NO_COMMON_BLOCKS = YES;
				GCC_OPTIMIZATION_LEVEL = 0;
				GCC_PREPROCESSOR_DEFINITIONS = (
					"DEBUG=1",
					"$(inherited)",
				);
				GCC_WARN_64_TO_32_BIT_CONVERSION = YES;
				GCC_WARN_ABOUT_RETURN_TYPE = YES_ERROR;
				GCC_WARN_UNDECLARED_SELECTOR = YES;
				GCC_WARN_UNINITIALIZED_AUTOS = YES_AGGRESSIVE;
				GCC_WARN_UNUSED_FUNCTION = YES;
				GCC_WARN_UNUSED_VARIABLE = YES;
				IPHONEOS_DEPLOYMENT_TARGET = 11.2;
				MTL_ENABLE_DEBUG_INFO = YES;
				ONLY_ACTIVE_ARCH = YES;
				SDKROOT = iphoneos;
				SWIFT_ACTIVE_COMPILATION_CONDITIONS = DEBUG;
				SWIFT_OPTIMIZATION_LEVEL = "-Onone";
			};
			name = Debug;
		};
		2FDA5797204A2E7A00016C7C /* Release */ = {
			isa = XCBuildConfiguration;
			buildSettings = {
				ALWAYS_SEARCH_USER_PATHS = NO;
				CLANG_ANALYZER_NONNULL = YES;
				CLANG_ANALYZER_NUMBER_OBJECT_CONVERSION = YES_AGGRESSIVE;
				CLANG_CXX_LANGUAGE_STANDARD = "gnu++14";
				CLANG_CXX_LIBRARY = "libc++";
				CLANG_ENABLE_MODULES = YES;
				CLANG_ENABLE_OBJC_ARC = YES;
				CLANG_WARN_BLOCK_CAPTURE_AUTORELEASING = YES;
				CLANG_WARN_BOOL_CONVERSION = YES;
				CLANG_WARN_COMMA = YES;
				CLANG_WARN_CONSTANT_CONVERSION = YES;
				CLANG_WARN_DIRECT_OBJC_ISA_USAGE = YES_ERROR;
				CLANG_WARN_DOCUMENTATION_COMMENTS = YES;
				CLANG_WARN_EMPTY_BODY = YES;
				CLANG_WARN_ENUM_CONVERSION = YES;
				CLANG_WARN_INFINITE_RECURSION = YES;
				CLANG_WARN_INT_CONVERSION = YES;
				CLANG_WARN_NON_LITERAL_NULL_CONVERSION = YES;
				CLANG_WARN_OBJC_LITERAL_CONVERSION = YES;
				CLANG_WARN_OBJC_ROOT_CLASS = YES_ERROR;
				CLANG_WARN_RANGE_LOOP_ANALYSIS = YES;
				CLANG_WARN_STRICT_PROTOTYPES = YES;
				CLANG_WARN_SUSPICIOUS_MOVE = YES;
				CLANG_WARN_UNGUARDED_AVAILABILITY = YES_AGGRESSIVE;
				CLANG_WARN_UNREACHABLE_CODE = YES;
				CLANG_WARN__DUPLICATE_METHOD_MATCH = YES;
				CODE_SIGN_IDENTITY = "iPhone Developer";
				COPY_PHASE_STRIP = NO;
				DEBUG_INFORMATION_FORMAT = "dwarf-with-dsym";
				ENABLE_NS_ASSERTIONS = NO;
				ENABLE_STRICT_OBJC_MSGSEND = YES;
				GCC_C_LANGUAGE_STANDARD = gnu11;
				GCC_NO_COMMON_BLOCKS = YES;
				GCC_WARN_64_TO_32_BIT_CONVERSION = YES;
				GCC_WARN_ABOUT_RETURN_TYPE = YES_ERROR;
				GCC_WARN_UNDECLARED_SELECTOR = YES;
				GCC_WARN_UNINITIALIZED_AUTOS = YES_AGGRESSIVE;
				GCC_WARN_UNUSED_FUNCTION = YES;
				GCC_WARN_UNUSED_VARIABLE = YES;
				IPHONEOS_DEPLOYMENT_TARGET = 11.2;
				MTL_ENABLE_DEBUG_INFO = NO;
				SDKROOT = iphoneos;
				SWIFT_OPTIMIZATION_LEVEL = "-Owholemodule";
				VALIDATE_PRODUCT = YES;
			};
			name = Release;
		};
		2FDA5799204A2E7A00016C7C /* Debug */ = {
			isa = XCBuildConfiguration;
			buildSettings = {
				ASSETCATALOG_COMPILER_APPICON_NAME = AppIcon;
				CODE_SIGN_STYLE = Automatic;
				DEVELOPMENT_TEAM = NSM4SM7LF6;
				INFOPLIST_FILE = contacts/Info.plist;
				LD_RUNPATH_SEARCH_PATHS = "$(inherited) @executable_path/Frameworks";
				PRODUCT_BUNDLE_IDENTIFIER = "br.puc-rio.les.insurtech.contacts";
				PRODUCT_NAME = "$(TARGET_NAME)";
				SWIFT_VERSION = 4.0;
				TARGETED_DEVICE_FAMILY = "1,2";
			};
			name = Debug;
		};
		2FDA579A204A2E7A00016C7C /* Release */ = {
			isa = XCBuildConfiguration;
			buildSettings = {
				ASSETCATALOG_COMPILER_APPICON_NAME = AppIcon;
				CODE_SIGN_STYLE = Automatic;
				DEVELOPMENT_TEAM = NSM4SM7LF6;
				INFOPLIST_FILE = contacts/Info.plist;
				LD_RUNPATH_SEARCH_PATHS = "$(inherited) @executable_path/Frameworks";
				PRODUCT_BUNDLE_IDENTIFIER = "br.puc-rio.les.insurtech.contacts";
				PRODUCT_NAME = "$(TARGET_NAME)";
				SWIFT_VERSION = 4.0;
				TARGETED_DEVICE_FAMILY = "1,2";
			};
			name = Release;
		};
/* End XCBuildConfiguration section */

/* Begin XCConfigurationList section */
		2FDA5781204A2E7900016C7C /* Build configuration list for PBXProject "contacts" */ = {
			isa = XCConfigurationList;
			buildConfigurations = (
				2FDA5796204A2E7A00016C7C /* Debug */,
				2FDA5797204A2E7A00016C7C /* Release */,
			);
			defaultConfigurationIsVisible = 0;
			defaultConfigurationName = Release;
		};
		2FDA5798204A2E7A00016C7C /* Build configuration list for PBXNativeTarget "contacts" */ = {
			isa = XCConfigurationList;
			buildConfigurations = (
				2FDA5799204A2E7A00016C7C /* Debug */,
				2FDA579A204A2E7A00016C7C /* Release */,
			);
			defaultConfigurationIsVisible = 0;
			defaultConfigurationName = Release;
		};
/* End XCConfigurationList section */
	};
	rootObject = 2FDA577E204A2E7900016C7C /* Project object */;
}
